// !$*UTF8*$!
{
	archiveVersion = 1;
	classes = {
	};
	objectVersion = 46;
	objects = {

/* Begin PBXBuildFile section */
		E632F65F1C411BAA00B5081A /* AppDelegate.swift in Sources */ = {isa = PBXBuildFile; fileRef = E632F65E1C411BAA00B5081A /* AppDelegate.swift */; };
		E632F6611C411BAA00B5081A /* ViewController.swift in Sources */ = {isa = PBXBuildFile; fileRef = E632F6601C411BAA00B5081A /* ViewController.swift */; };
		E632F6631C411BAA00B5081A /* Assets.xcassets in Resources */ = {isa = PBXBuildFile; fileRef = E632F6621C411BAA00B5081A /* Assets.xcassets */; };
		E632F6661C411BAA00B5081A /* Main.storyboard in Resources */ = {isa = PBXBuildFile; fileRef = E632F6641C411BAA00B5081A /* Main.storyboard */; };
		E632F6711C411BAB00B5081A /* Swift_UnitsTests.swift in Sources */ = {isa = PBXBuildFile; fileRef = E632F6701C411BAB00B5081A /* Swift_UnitsTests.swift */; };
		E6427E6D1C52602E00E7DC30 /* Units.swift in Sources */ = {isa = PBXBuildFile; fileRef = E6427E6C1C52602E00E7DC30 /* Units.swift */; };
/* End PBXBuildFile section */

/* Begin PBXContainerItemProxy section */
		E632F66D1C411BAB00B5081A /* PBXContainerItemProxy */ = {
			isa = PBXContainerItemProxy;
			containerPortal = E632F6531C411BAA00B5081A /* Project object */;
			proxyType = 1;
			remoteGlobalIDString = E632F65A1C411BAA00B5081A;
			remoteInfo = "Swift-Units";
		};
/* End PBXContainerItemProxy section */

/* Begin PBXFileReference section */
		E632F65B1C411BAA00B5081A /* Swift-Units.app */ = {isa = PBXFileReference; explicitFileType = wrapper.application; includeInIndex = 0; path = "Swift-Units.app"; sourceTree = BUILT_PRODUCTS_DIR; };
		E632F65E1C411BAA00B5081A /* AppDelegate.swift */ = {isa = PBXFileReference; lastKnownFileType = sourcecode.swift; path = AppDelegate.swift; sourceTree = "<group>"; };
		E632F6601C411BAA00B5081A /* ViewController.swift */ = {isa = PBXFileReference; lastKnownFileType = sourcecode.swift; path = ViewController.swift; sourceTree = "<group>"; };
		E632F6621C411BAA00B5081A /* Assets.xcassets */ = {isa = PBXFileReference; lastKnownFileType = folder.assetcatalog; path = Assets.xcassets; sourceTree = "<group>"; };
		E632F6651C411BAA00B5081A /* Base */ = {isa = PBXFileReference; lastKnownFileType = file.storyboard; name = Base; path = Base.lproj/Main.storyboard; sourceTree = "<group>"; };
		E632F6671C411BAA00B5081A /* Info.plist */ = {isa = PBXFileReference; lastKnownFileType = text.plist.xml; path = Info.plist; sourceTree = "<group>"; };
		E632F66C1C411BAB00B5081A /* Swift-UnitsTests.xctest */ = {isa = PBXFileReference; explicitFileType = wrapper.cfbundle; includeInIndex = 0; path = "Swift-UnitsTests.xctest"; sourceTree = BUILT_PRODUCTS_DIR; };
		E632F6701C411BAB00B5081A /* Swift_UnitsTests.swift */ = {isa = PBXFileReference; lastKnownFileType = sourcecode.swift; path = Swift_UnitsTests.swift; sourceTree = "<group>"; };
		E632F6721C411BAB00B5081A /* Info.plist */ = {isa = PBXFileReference; lastKnownFileType = text.plist.xml; path = Info.plist; sourceTree = "<group>"; };
		E6427E6C1C52602E00E7DC30 /* Units.swift */ = {isa = PBXFileReference; fileEncoding = 4; lastKnownFileType = sourcecode.swift; path = Units.swift; sourceTree = "<group>"; };
/* End PBXFileReference section */

/* Begin PBXFrameworksBuildPhase section */
		E632F6581C411BAA00B5081A /* Frameworks */ = {
			isa = PBXFrameworksBuildPhase;
			buildActionMask = 2147483647;
			files = (
			);
			runOnlyForDeploymentPostprocessing = 0;
		};
		E632F6691C411BAB00B5081A /* Frameworks */ = {
			isa = PBXFrameworksBuildPhase;
			buildActionMask = 2147483647;
			files = (
			);
			runOnlyForDeploymentPostprocessing = 0;
		};
/* End PBXFrameworksBuildPhase section */

/* Begin PBXGroup section */
		E632F6521C411BAA00B5081A = {
			isa = PBXGroup;
			children = (
				E632F65D1C411BAA00B5081A /* Swift-Units */,
				E632F66F1C411BAB00B5081A /* Swift-UnitsTests */,
				E632F65C1C411BAA00B5081A /* Products */,
			);
			sourceTree = "<group>";
		};
		E632F65C1C411BAA00B5081A /* Products */ = {
			isa = PBXGroup;
			children = (
				E632F65B1C411BAA00B5081A /* Swift-Units.app */,
				E632F66C1C411BAB00B5081A /* Swift-UnitsTests.xctest */,
			);
			name = Products;
			sourceTree = "<group>";
		};
		E632F65D1C411BAA00B5081A /* Swift-Units */ = {
			isa = PBXGroup;
			children = (
				E6427E6C1C52602E00E7DC30 /* Units.swift */,
				E632F65E1C411BAA00B5081A /* AppDelegate.swift */,
				E632F6601C411BAA00B5081A /* ViewController.swift */,
				E632F6621C411BAA00B5081A /* Assets.xcassets */,
				E632F6641C411BAA00B5081A /* Main.storyboard */,
				E632F6671C411BAA00B5081A /* Info.plist */,
			);
			path = "Swift-Units";
			sourceTree = "<group>";
		};
		E632F66F1C411BAB00B5081A /* Swift-UnitsTests */ = {
			isa = PBXGroup;
			children = (
				E632F6701C411BAB00B5081A /* Swift_UnitsTests.swift */,
				E632F6721C411BAB00B5081A /* Info.plist */,
			);
			path = "Swift-UnitsTests";
			sourceTree = "<group>";
		};
/* End PBXGroup section */

/* Begin PBXNativeTarget section */
		E632F65A1C411BAA00B5081A /* Swift-Units */ = {
			isa = PBXNativeTarget;
			buildConfigurationList = E632F6751C411BAB00B5081A /* Build configuration list for PBXNativeTarget "Swift-Units" */;
			buildPhases = (
				E632F6571C411BAA00B5081A /* Sources */,
				E632F6581C411BAA00B5081A /* Frameworks */,
				E632F6591C411BAA00B5081A /* Resources */,
			);
			buildRules = (
			);
			dependencies = (
			);
			name = "Swift-Units";
			productName = "Swift-Units";
			productReference = E632F65B1C411BAA00B5081A /* Swift-Units.app */;
			productType = "com.apple.product-type.application";
		};
		E632F66B1C411BAB00B5081A /* Swift-UnitsTests */ = {
			isa = PBXNativeTarget;
			buildConfigurationList = E632F6781C411BAB00B5081A /* Build configuration list for PBXNativeTarget "Swift-UnitsTests" */;
			buildPhases = (
				E632F6681C411BAB00B5081A /* Sources */,
				E632F6691C411BAB00B5081A /* Frameworks */,
				E632F66A1C411BAB00B5081A /* Resources */,
			);
			buildRules = (
			);
			dependencies = (
				E632F66E1C411BAB00B5081A /* PBXTargetDependency */,
			);
			name = "Swift-UnitsTests";
			productName = "Swift-UnitsTests";
			productReference = E632F66C1C411BAB00B5081A /* Swift-UnitsTests.xctest */;
			productType = "com.apple.product-type.bundle.unit-test";
		};
/* End PBXNativeTarget section */

/* Begin PBXProject section */
		E632F6531C411BAA00B5081A /* Project object */ = {
			isa = PBXProject;
			attributes = {
				LastSwiftUpdateCheck = 0720;
				LastUpgradeCheck = 0720;
				ORGANIZATIONNAME = "Daniel Pink";
				TargetAttributes = {
					E632F65A1C411BAA00B5081A = {
						CreatedOnToolsVersion = 7.2;
					};
					E632F66B1C411BAB00B5081A = {
						CreatedOnToolsVersion = 7.2;
						TestTargetID = E632F65A1C411BAA00B5081A;
					};
				};
			};
			buildConfigurationList = E632F6561C411BAA00B5081A /* Build configuration list for PBXProject "Swift-Units" */;
			compatibilityVersion = "Xcode 3.2";
			developmentRegion = English;
			hasScannedForEncodings = 0;
			knownRegions = (
				en,
				Base,
			);
			mainGroup = E632F6521C411BAA00B5081A;
			productRefGroup = E632F65C1C411BAA00B5081A /* Products */;
			projectDirPath = "";
			projectRoot = "";
			targets = (
				E632F65A1C411BAA00B5081A /* Swift-Units */,
				E632F66B1C411BAB00B5081A /* Swift-UnitsTests */,
			);
		};
/* End PBXProject section */

/* Begin PBXResourcesBuildPhase section */
		E632F6591C411BAA00B5081A /* Resources */ = {
			isa = PBXResourcesBuildPhase;
			buildActionMask = 2147483647;
			files = (
				E632F6631C411BAA00B5081A /* Assets.xcassets in Resources */,
				E632F6661C411BAA00B5081A /* Main.storyboard in Resources */,
			);
			runOnlyForDeploymentPostprocessing = 0;
		};
		E632F66A1C411BAB00B5081A /* Resources */ = {
			isa = PBXResourcesBuildPhase;
			buildActionMask = 2147483647;
			files = (
			);
			runOnlyForDeploymentPostprocessing = 0;
		};
/* End PBXResourcesBuildPhase section */

/* Begin PBXSourcesBuildPhase section */
		E632F6571C411BAA00B5081A /* Sources */ = {
			isa = PBXSourcesBuildPhase;
			buildActionMask = 2147483647;
			files = (
				E632F6611C411BAA00B5081A /* ViewController.swift in Sources */,
				E6427E6D1C52602E00E7DC30 /* Units.swift in Sources */,
				E632F65F1C411BAA00B5081A /* AppDelegate.swift in Sources */,
			);
			runOnlyForDeploymentPostprocessing = 0;
		};
		E632F6681C411BAB00B5081A /* Sources */ = {
			isa = PBXSourcesBuildPhase;
			buildActionMask = 2147483647;
			files = (
				E632F6711C411BAB00B5081A /* Swift_UnitsTests.swift in Sources */,
			);
			runOnlyForDeploymentPostprocessing = 0;
		};
/* End PBXSourcesBuildPhase section */

/* Begin PBXTargetDependency section */
		E632F66E1C411BAB00B5081A /* PBXTargetDependency */ = {
			isa = PBXTargetDependency;
			target = E632F65A1C411BAA00B5081A /* Swift-Units */;
			targetProxy = E632F66D1C411BAB00B5081A /* PBXContainerItemProxy */;
		};
/* End PBXTargetDependency section */

/* Begin PBXVariantGroup section */
		E632F6641C411BAA00B5081A /* Main.storyboard */ = {
			isa = PBXVariantGroup;
			children = (
				E632F6651C411BAA00B5081A /* Base */,
			);
			name = Main.storyboard;
			sourceTree = "<group>";
		};
/* End PBXVariantGroup section */

/* Begin XCBuildConfiguration section */
		E632F6731C411BAB00B5081A /* Debug */ = {
			isa = XCBuildConfiguration;
			buildSettings = {
				ALWAYS_SEARCH_USER_PATHS = NO;
				CLANG_CXX_LANGUAGE_STANDARD = "gnu++0x";
				CLANG_CXX_LIBRARY = "libc++";
				CLANG_ENABLE_MODULES = YES;
				CLANG_ENABLE_OBJC_ARC = YES;
				CLANG_WARN_BOOL_CONVERSION = YES;
				CLANG_WARN_CONSTANT_CONVERSION = YES;
				CLANG_WARN_DIRECT_OBJC_ISA_USAGE = YES_ERROR;
				CLANG_WARN_EMPTY_BODY = YES;
				CLANG_WARN_ENUM_CONVERSION = YES;
				CLANG_WARN_INT_CONVERSION = YES;
				CLANG_WARN_OBJC_ROOT_CLASS = YES_ERROR;
				CLANG_WARN_UNREACHABLE_CODE = YES;
				CLANG_WARN__DUPLICATE_METHOD_MATCH = YES;
				CODE_SIGN_IDENTITY = "-";
				COPY_PHASE_STRIP = NO;
				DEBUG_INFORMATION_FORMAT = dwarf;
				ENABLE_STRICT_OBJC_MSGSEND = YES;
				ENABLE_TESTABILITY = YES;
				GCC_C_LANGUAGE_STANDARD = gnu99;
				GCC_DYNAMIC_NO_PIC = NO;
				GCC_NO_COMMON_BLOCKS = YES;
				GCC_OPTIMIZATION_LEVEL = 0;
				GCC_PREPROCESSOR_DEFINITIONS = (
					"DEBUG=1",
					"$(inherited)",
				);
				GCC_WARN_64_TO_32_BIT_CONVERSION = YES;
				GCC_WARN_ABOUT_RETURN_TYPE = YES_ERROR;
				GCC_WARN_UNDECLARED_SELECTOR = YES;
				GCC_WARN_UNINITIALIZED_AUTOS = YES_AGGRESSIVE;
				GCC_WARN_UNUSED_FUNCTION = YES;
				GCC_WARN_UNUSED_VARIABLE = YES;
				MACOSX_DEPLOYMENT_TARGET = 10.11;
				MTL_ENABLE_DEBUG_INFO = YES;
				ONLY_ACTIVE_ARCH = YES;
				SDKROOT = macosx;
				SWIFT_OPTIMIZATION_LEVEL = "-Onone";
			};
			name = Debug;
		};
		E632F6741C411BAB00B5081A /* Release */ = {
			isa = XCBuildConfiguration;
			buildSettings = {
				ALWAYS_SEARCH_USER_PATHS = NO;
				CLANG_CXX_LANGUAGE_STANDARD = "gnu++0x";
				CLANG_CXX_LIBRARY = "libc++";
				CLANG_ENABLE_MODULES = YES;
				CLANG_ENABLE_OBJC_ARC = YES;
				CLANG_WARN_BOOL_CONVERSION = YES;
				CLANG_WARN_CONSTANT_CONVERSION = YES;
				CLANG_WARN_DIRECT_OBJC_ISA_USAGE = YES_ERROR;
				CLANG_WARN_EMPTY_BODY = YES;
				CLANG_WARN_ENUM_CONVERSION = YES;
				CLANG_WARN_INT_CONVERSION = YES;
				CLANG_WARN_OBJC_ROOT_CLASS = YES_ERROR;
				CLANG_WARN_UNREACHABLE_CODE = YES;
				CLANG_WARN__DUPLICATE_METHOD_MATCH = YES;
				CODE_SIGN_IDENTITY = "-";
				COPY_PHASE_STRIP = NO;
				DEBUG_INFORMATION_FORMAT = "dwarf-with-dsym";
				ENABLE_NS_ASSERTIONS = NO;
				ENABLE_STRICT_OBJC_MSGSEND = YES;
				GCC_C_LANGUAGE_STANDARD = gnu99;
				GCC_NO_COMMON_BLOCKS = YES;
				GCC_WARN_64_TO_32_BIT_CONVERSION = YES;
				GCC_WARN_ABOUT_RETURN_TYPE = YES_ERROR;
				GCC_WARN_UNDECLARED_SELECTOR = YES;
				GCC_WARN_UNINITIALIZED_AUTOS = YES_AGGRESSIVE;
				GCC_WARN_UNUSED_FUNCTION = YES;
				GCC_WARN_UNUSED_VARIABLE = YES;
				MACOSX_DEPLOYMENT_TARGET = 10.11;
				MTL_ENABLE_DEBUG_INFO = NO;
				SDKROOT = macosx;
			};
			name = Release;
		};
		E632F6761C411BAB00B5081A /* Debug */ = {
			isa = XCBuildConfiguration;
			buildSettings = {
				ASSETCATALOG_COMPILER_APPICON_NAME = AppIcon;
				COMBINE_HIDPI_IMAGES = YES;
				INFOPLIST_FILE = "Swift-Units/Info.plist";
				LD_RUNPATH_SEARCH_PATHS = "$(inherited) @executable_path/../Frameworks";
				PRODUCT_BUNDLE_IDENTIFIER = "au.com.electronicinnovations.Swift-Units";
				PRODUCT_NAME = "$(TARGET_NAME)";
			};
			name = Debug;
		};
		E632F6771C411BAB00B5081A /* Release */ = {
			isa = XCBuildConfiguration;
			buildSettings = {
				ASSETCATALOG_COMPILER_APPICON_NAME = AppIcon;
				COMBINE_HIDPI_IMAGES = YES;
				INFOPLIST_FILE = "Swift-Units/Info.plist";
				LD_RUNPATH_SEARCH_PATHS = "$(inherited) @executable_path/../Frameworks";
				PRODUCT_BUNDLE_IDENTIFIER = "au.com.electronicinnovations.Swift-Units";
				PRODUCT_NAME = "$(TARGET_NAME)";
			};
			name = Release;
		};
		E632F6791C411BAB00B5081A /* Debug */ = {
			isa = XCBuildConfiguration;
			buildSettings = {
				BUNDLE_LOADER = "$(TEST_HOST)";
				COMBINE_HIDPI_IMAGES = YES;
				INFOPLIST_FILE = "Swift-UnitsTests/Info.plist";
				LD_RUNPATH_SEARCH_PATHS = "$(inherited) @executable_path/../Frameworks @loader_path/../Frameworks";
				PRODUCT_BUNDLE_IDENTIFIER = "au.com.electronicinnovations.Swift-UnitsTests";
				PRODUCT_NAME = "$(TARGET_NAME)";
				TEST_HOST = "$(BUILT_PRODUCTS_DIR)/Swift-Units.app/Contents/MacOS/Swift-Units";
			};
			name = Debug;
		};
		E632F67A1C411BAB00B5081A /* Release */ = {
			isa = XCBuildConfiguration;
			buildSettings = {
				BUNDLE_LOADER = "$(TEST_HOST)";
				COMBINE_HIDPI_IMAGES = YES;
				INFOPLIST_FILE = "Swift-UnitsTests/Info.plist";
				LD_RUNPATH_SEARCH_PATHS = "$(inherited) @executable_path/../Frameworks @loader_path/../Frameworks";
				PRODUCT_BUNDLE_IDENTIFIER = "au.com.electronicinnovations.Swift-UnitsTests";
				PRODUCT_NAME = "$(TARGET_NAME)";
				TEST_HOST = "$(BUILT_PRODUCTS_DIR)/Swift-Units.app/Contents/MacOS/Swift-Units";
			};
			name = Release;
		};
/* End XCBuildConfiguration section */

/* Begin XCConfigurationList section */
		E632F6561C411BAA00B5081A /* Build configuration list for PBXProject "Swift-Units" */ = {
			isa = XCConfigurationList;
			buildConfigurations = (
				E632F6731C411BAB00B5081A /* Debug */,
				E632F6741C411BAB00B5081A /* Release */,
			);
			defaultConfigurationIsVisible = 0;
			defaultConfigurationName = Release;
		};
		E632F6751C411BAB00B5081A /* Build configuration list for PBXNativeTarget "Swift-Units" */ = {
			isa = XCConfigurationList;
			buildConfigurations = (
				E632F6761C411BAB00B5081A /* Debug */,
				E632F6771C411BAB00B5081A /* Release */,
			);
			defaultConfigurationIsVisible = 0;
			defaultConfigurationName = Release;
		};
		E632F6781C411BAB00B5081A /* Build configuration list for PBXNativeTarget "Swift-UnitsTests" */ = {
			isa = XCConfigurationList;
			buildConfigurations = (
				E632F6791C411BAB00B5081A /* Debug */,
				E632F67A1C411BAB00B5081A /* Release */,
			);
			defaultConfigurationIsVisible = 0;
			defaultConfigurationName = Release;
		};
/* End XCConfigurationList section */
	};
	rootObject = E632F6531C411BAA00B5081A /* Project object */;
}
